
Microsoft Visual Studio Solution File, Format Version 12.00
# Visual Studio Version 17
VisualStudioVersion = 17.6.33723.286
MinimumVisualStudioVersion = 10.0.40219.1
Project("{9A19103F-16F7-4668-BE54-9A1E7A4F7556}") = "HomeWork_Abstract Factory", "HomeWork_Abstract Factory\HomeWork_Abstract Factory.csproj", "{4A119C22-D3A9-43CA-A2D7-6DCDD33EA2E8}"
EndProject
Project("{9A19103F-16F7-4668-BE54-9A1E7A4F7556}") = "Singleton", "Singleton\Singleton.csproj", "{47A06F8A-771D-44B4-B180-2FA7B7F5E8C4}"
EndProject
Project("{9A19103F-16F7-4668-BE54-9A1E7A4F7556}") = "Abstract Factory Pattern", "Abstract Factory Pattern\Abstract Factory Pattern.csproj", "{79F617E0-0207-4E6F-B1A1-28492D19DBEE}"
EndProject
Project("{9A19103F-16F7-4668-BE54-9A1E7A4F7556}") = "Factory Method Pattern", "Factory Method Pattern\Factory Method Pattern.csproj", "{ADDF0077-EDD1-47C3-8ECA-CFC7491D30C2}"
EndProject
Project("{9A19103F-16F7-4668-BE54-9A1E7A4F7556}") = "HomeWork_Fcade_Pattern", "HomeWork_Fcade_Pattern\HomeWork_Fcade_Pattern.csproj", "{F9BCF889-81C0-4F5B-80B2-E2C20B8C7AE2}"
EndProject
Project("{9A19103F-16F7-4668-BE54-9A1E7A4F7556}") = "Builder", "Builder\Builder.csproj", "{A1D1B4D8-56D4-49F4-B8F9-5BAAD8AFCD1A}"
EndProject
Project("{9A19103F-16F7-4668-BE54-9A1E7A4F7556}") = "Prototype", "Prototype\Prototype.csproj", "{E4D8F90C-C188-4F05-BF3F-AA5F2C577F8A}"
EndProject
Project("{9A19103F-16F7-4668-BE54-9A1E7A4F7556}") = "Facade Pattern", "Facade Pattern\Facade Pattern.csproj", "{6D4ED1D9-9A53-4E60-B1DF-D8250A43F24E}"
EndProject
Project("{FAE04EC0-301F-11D3-BF4B-00C04F79EFBC}") = "Adapter Pattern", "Adapter Pattern\Adapter Pattern.csproj", "{649EDEDF-64A5-43BC-8EFA-66304F3138CF}"
EndProject
Project("{FAE04EC0-301F-11D3-BF4B-00C04F79EFBC}") = "Composite Pattern", "Composite Pattern\Composite Pattern.csproj", "{3AA020E4-7B52-47B9-ABA3-69F500E496A1}"
EndProject
Project("{FAE04EC0-301F-11D3-BF4B-00C04F79EFBC}") = "Decorator Pattern", "Decorator Pattern\Decorator Pattern.csproj", "{3D2CE9DA-0346-4289-8E47-C9B0DA6CEE45}"
EndProject
Global
	GlobalSection(SolutionConfigurationPlatforms) = preSolution
		Debug|Any CPU = Debug|Any CPU
		Release|Any CPU = Release|Any CPU
	EndGlobalSection
	GlobalSection(ProjectConfigurationPlatforms) = postSolution
		{4A119C22-D3A9-43CA-A2D7-6DCDD33EA2E8}.Debug|Any CPU.ActiveCfg = Debug|Any CPU
		{4A119C22-D3A9-43CA-A2D7-6DCDD33EA2E8}.Debug|Any CPU.Build.0 = Debug|Any CPU
		{4A119C22-D3A9-43CA-A2D7-6DCDD33EA2E8}.Release|Any CPU.ActiveCfg = Release|Any CPU
		{4A119C22-D3A9-43CA-A2D7-6DCDD33EA2E8}.Release|Any CPU.Build.0 = Release|Any CPU
		{47A06F8A-771D-44B4-B180-2FA7B7F5E8C4}.Debug|Any CPU.ActiveCfg = Debug|Any CPU
		{47A06F8A-771D-44B4-B180-2FA7B7F5E8C4}.Debug|Any CPU.Build.0 = Debug|Any CPU
		{47A06F8A-771D-44B4-B180-2FA7B7F5E8C4}.Release|Any CPU.ActiveCfg = Release|Any CPU
		{47A06F8A-771D-44B4-B180-2FA7B7F5E8C4}.Release|Any CPU.Build.0 = Release|Any CPU
		{79F617E0-0207-4E6F-B1A1-28492D19DBEE}.Debug|Any CPU.ActiveCfg = Debug|Any CPU
		{79F617E0-0207-4E6F-B1A1-28492D19DBEE}.Debug|Any CPU.Build.0 = Debug|Any CPU
		{79F617E0-0207-4E6F-B1A1-28492D19DBEE}.Release|Any CPU.ActiveCfg = Release|Any CPU
		{79F617E0-0207-4E6F-B1A1-28492D19DBEE}.Release|Any CPU.Build.0 = Release|Any CPU
		{ADDF0077-EDD1-47C3-8ECA-CFC7491D30C2}.Debug|Any CPU.ActiveCfg = Debug|Any CPU
		{ADDF0077-EDD1-47C3-8ECA-CFC7491D30C2}.Debug|Any CPU.Build.0 = Debug|Any CPU
		{ADDF0077-EDD1-47C3-8ECA-CFC7491D30C2}.Release|Any CPU.ActiveCfg = Release|Any CPU
		{ADDF0077-EDD1-47C3-8ECA-CFC7491D30C2}.Release|Any CPU.Build.0 = Release|Any CPU
		{F9BCF889-81C0-4F5B-80B2-E2C20B8C7AE2}.Debug|Any CPU.ActiveCfg = Debug|Any CPU
		{F9BCF889-81C0-4F5B-80B2-E2C20B8C7AE2}.Debug|Any CPU.Build.0 = Debug|Any CPU
		{F9BCF889-81C0-4F5B-80B2-E2C20B8C7AE2}.Release|Any CPU.ActiveCfg = Release|Any CPU
		{F9BCF889-81C0-4F5B-80B2-E2C20B8C7AE2}.Release|Any CPU.Build.0 = Release|Any CPU
		{A1D1B4D8-56D4-49F4-B8F9-5BAAD8AFCD1A}.Debug|Any CPU.ActiveCfg = Debug|Any CPU
		{A1D1B4D8-56D4-49F4-B8F9-5BAAD8AFCD1A}.Debug|Any CPU.Build.0 = Debug|Any CPU
		{A1D1B4D8-56D4-49F4-B8F9-5BAAD8AFCD1A}.Release|Any CPU.ActiveCfg = Release|Any CPU
		{A1D1B4D8-56D4-49F4-B8F9-5BAAD8AFCD1A}.Release|Any CPU.Build.0 = Release|Any CPU
		{E4D8F90C-C188-4F05-BF3F-AA5F2C577F8A}.Debug|Any CPU.ActiveCfg = Debug|Any CPU
		{E4D8F90C-C188-4F05-BF3F-AA5F2C577F8A}.Debug|Any CPU.Build.0 = Debug|Any CPU
		{E4D8F90C-C188-4F05-BF3F-AA5F2C577F8A}.Release|Any CPU.ActiveCfg = Release|Any CPU
		{E4D8F90C-C188-4F05-BF3F-AA5F2C577F8A}.Release|Any CPU.Build.0 = Release|Any CPU
		{6D4ED1D9-9A53-4E60-B1DF-D8250A43F24E}.Debug|Any CPU.ActiveCfg = Debug|Any CPU
		{6D4ED1D9-9A53-4E60-B1DF-D8250A43F24E}.Debug|Any CPU.Build.0 = Debug|Any CPU
		{6D4ED1D9-9A53-4E60-B1DF-D8250A43F24E}.Release|Any CPU.ActiveCfg = Release|Any CPU
		{6D4ED1D9-9A53-4E60-B1DF-D8250A43F24E}.Release|Any CPU.Build.0 = Release|Any CPU
		{649EDEDF-64A5-43BC-8EFA-66304F3138CF}.Debug|Any CPU.ActiveCfg = Debug|Any CPU
		{649EDEDF-64A5-43BC-8EFA-66304F3138CF}.Debug|Any CPU.Build.0 = Debug|Any CPU
		{649EDEDF-64A5-43BC-8EFA-66304F3138CF}.Release|Any CPU.ActiveCfg = Release|Any CPU
		{649EDEDF-64A5-43BC-8EFA-66304F3138CF}.Release|Any CPU.Build.0 = Release|Any CPU
		{3AA020E4-7B52-47B9-ABA3-69F500E496A1}.Debug|Any CPU.ActiveCfg = Debug|Any CPU
		{3AA020E4-7B52-47B9-ABA3-69F500E496A1}.Debug|Any CPU.Build.0 = Debug|Any CPU
		{3AA020E4-7B52-47B9-ABA3-69F500E496A1}.Release|Any CPU.ActiveCfg = Release|Any CPU
		{3AA020E4-7B52-47B9-ABA3-69F500E496A1}.Release|Any CPU.Build.0 = Release|Any CPU
		{3D2CE9DA-0346-4289-8E47-C9B0DA6CEE45}.Debug|Any CPU.ActiveCfg = Debug|Any CPU
		{3D2CE9DA-0346-4289-8E47-C9B0DA6CEE45}.Debug|Any CPU.Build.0 = Debug|Any CPU
		{3D2CE9DA-0346-4289-8E47-C9B0DA6CEE45}.Release|Any CPU.ActiveCfg = Release|Any CPU
		{3D2CE9DA-0346-4289-8E47-C9B0DA6CEE45}.Release|Any CPU.Build.0 = Release|Any CPU
	EndGlobalSection
	GlobalSection(SolutionProperties) = preSolution
		HideSolutionNode = FALSE
	EndGlobalSection
	GlobalSection(ExtensibilityGlobals) = postSolution
		SolutionGuid = {ADB02BD5-F628-46F0-85C7-91E283D1C28C}
	EndGlobalSection
EndGlobal
